// !$*UTF8*$!
{
	archiveVersion = 1;
	classes = {
	};
	objectVersion = 77;
	objects = {

/* Begin PBXBuildFile section */
		8C33E37B2D52CBE800EDB6BB /* GoogleMobileAds in Frameworks */ = {isa = PBXBuildFile; productRef = 8C33E37A2D52CBE800EDB6BB /* GoogleMobileAds */; };
/* End PBXBuildFile section */

/* Begin PBXContainerItemProxy section */
		8C33E35C2D52C93800EDB6BB /* PBXContainerItemProxy */ = {
			isa = PBXContainerItemProxy;
			containerPortal = 8C33E33F2D52C93700EDB6BB /* Project object */;
			proxyType = 1;
			remoteGlobalIDString = 8C33E3462D52C93700EDB6BB;
			remoteInfo = "AR Haber";
		};
		8C33E3662D52C93800EDB6BB /* PBXContainerItemProxy */ = {
			isa = PBXContainerItemProxy;
			containerPortal = 8C33E33F2D52C93700EDB6BB /* Project object */;
			proxyType = 1;
			remoteGlobalIDString = 8C33E3462D52C93700EDB6BB;
			remoteInfo = "AR Haber";
		};
/* End PBXContainerItemProxy section */

/* Begin PBXFileReference section */
		8C33E3472D52C93700EDB6BB /* AR Haber.app */ = {isa = PBXFileReference; explicitFileType = wrapper.application; includeInIndex = 0; path = "AR Haber.app"; sourceTree = BUILT_PRODUCTS_DIR; };
		8C33E35B2D52C93800EDB6BB /* AR HaberTests.xctest */ = {isa = PBXFileReference; explicitFileType = wrapper.cfbundle; includeInIndex = 0; path = "AR HaberTests.xctest"; sourceTree = BUILT_PRODUCTS_DIR; };
		8C33E3652D52C93800EDB6BB /* AR HaberUITests.xctest */ = {isa = PBXFileReference; explicitFileType = wrapper.cfbundle; includeInIndex = 0; path = "AR HaberUITests.xctest"; sourceTree = BUILT_PRODUCTS_DIR; };
/* End PBXFileReference section */

/* Begin PBXFileSystemSynchronizedBuildFileExceptionSet section */
		8C33E36D2D52C93800EDB6BB /* Exceptions for "AR Haber" folder in "AR Haber" target */ = {
			isa = PBXFileSystemSynchronizedBuildFileExceptionSet;
			membershipExceptions = (
				Info.plist,
			);
			target = 8C33E3462D52C93700EDB6BB /* AR Haber */;
		};
/* End PBXFileSystemSynchronizedBuildFileExceptionSet section */

/* Begin PBXFileSystemSynchronizedRootGroup section */
		8C33E3492D52C93700EDB6BB /* AR Haber */ = {
			isa = PBXFileSystemSynchronizedRootGroup;
			exceptions = (
				8C33E36D2D52C93800EDB6BB /* Exceptions for "AR Haber" folder in "AR Haber" target */,
			);
			path = "AR Haber";
			sourceTree = "<group>";
		};
		8C33E35E2D52C93800EDB6BB /* AR HaberTests */ = {
			isa = PBXFileSystemSynchronizedRootGroup;
			path = "AR HaberTests";
			sourceTree = "<group>";
		};
		8C33E3682D52C93800EDB6BB /* AR HaberUITests */ = {
			isa = PBXFileSystemSynchronizedRootGroup;
			path = "AR HaberUITests";
			sourceTree = "<group>";
		};
/* End PBXFileSystemSynchronizedRootGroup section */

/* Begin PBXFrameworksBuildPhase section */
		8C33E3442D52C93700EDB6BB /* Frameworks */ = {
			isa = PBXFrameworksBuildPhase;
			buildActionMask = 2147483647;
			files = (
				8C33E37B2D52CBE800EDB6BB /* GoogleMobileAds in Frameworks */,
			);
			runOnlyForDeploymentPostprocessing = 0;
		};
		8C33E3582D52C93800EDB6BB /* Frameworks */ = {
			isa = PBXFrameworksBuildPhase;
			buildActionMask = 2147483647;
			files = (
			);
			runOnlyForDeploymentPostprocessing = 0;
		};
		8C33E3622D52C93800EDB6BB /* Frameworks */ = {
			isa = PBXFrameworksBuildPhase;
			buildActionMask = 2147483647;
			files = (
			);
			runOnlyForDeploymentPostprocessing = 0;
		};
/* End PBXFrameworksBuildPhase section */

/* Begin PBXGroup section */
		5D7C85F3C549FD8B69E5D84F /* Pods */ = {
			isa = PBXGroup;
			children = (
			);
			path = Pods;
			sourceTree = "<group>";
		};
		8C33E33E2D52C93700EDB6BB = {
			isa = PBXGroup;
			children = (
				8C33E3492D52C93700EDB6BB /* AR Haber */,
				8C33E35E2D52C93800EDB6BB /* AR HaberTests */,
				8C33E3682D52C93800EDB6BB /* AR HaberUITests */,
				8C33E3482D52C93700EDB6BB /* Products */,
				5D7C85F3C549FD8B69E5D84F /* Pods */,
			);
			sourceTree = "<group>";
		};
		8C33E3482D52C93700EDB6BB /* Products */ = {
			isa = PBXGroup;
			children = (
				8C33E3472D52C93700EDB6BB /* AR Haber.app */,
				8C33E35B2D52C93800EDB6BB /* AR HaberTests.xctest */,
				8C33E3652D52C93800EDB6BB /* AR HaberUITests.xctest */,
			);
			name = Products;
			sourceTree = "<group>";
		};
/* End PBXGroup section */

/* Begin PBXNativeTarget section */
		8C33E3462D52C93700EDB6BB /* AR Haber */ = {
			isa = PBXNativeTarget;
			buildConfigurationList = 8C33E36E2D52C93800EDB6BB /* Build configuration list for PBXNativeTarget "AR Haber" */;
			buildPhases = (
				8C33E3432D52C93700EDB6BB /* Sources */,
				8C33E3442D52C93700EDB6BB /* Frameworks */,
				8C33E3452D52C93700EDB6BB /* Resources */,
			);
			buildRules = (
			);
			dependencies = (
			);
			fileSystemSynchronizedGroups = (
				8C33E3492D52C93700EDB6BB /* AR Haber */,
			);
			name = "AR Haber";
			packageProductDependencies = (
				8C33E37A2D52CBE800EDB6BB /* GoogleMobileAds */,
			);
			productName = "AR Haber";
			productReference = 8C33E3472D52C93700EDB6BB /* AR Haber.app */;
			productType = "com.apple.product-type.application";
		};
		8C33E35A2D52C93800EDB6BB /* AR HaberTests */ = {
			isa = PBXNativeTarget;
			buildConfigurationList = 8C33E3732D52C93800EDB6BB /* Build configuration list for PBXNativeTarget "AR HaberTests" */;
			buildPhases = (
				8C33E3572D52C93800EDB6BB /* Sources */,
				8C33E3582D52C93800EDB6BB /* Frameworks */,
				8C33E3592D52C93800EDB6BB /* Resources */,
			);
			buildRules = (
			);
			dependencies = (
				8C33E35D2D52C93800EDB6BB /* PBXTargetDependency */,
			);
			fileSystemSynchronizedGroups = (
				8C33E35E2D52C93800EDB6BB /* AR HaberTests */,
			);
			name = "AR HaberTests";
			productName = "AR HaberTests";
			productReference = 8C33E35B2D52C93800EDB6BB /* AR HaberTests.xctest */;
			productType = "com.apple.product-type.bundle.unit-test";
		};
		8C33E3642D52C93800EDB6BB /* AR HaberUITests */ = {
			isa = PBXNativeTarget;
			buildConfigurationList = 8C33E3762D52C93800EDB6BB /* Build configuration list for PBXNativeTarget "AR HaberUITests" */;
			buildPhases = (
				8C33E3612D52C93800EDB6BB /* Sources */,
				8C33E3622D52C93800EDB6BB /* Frameworks */,
				8C33E3632D52C93800EDB6BB /* Resources */,
			);
			buildRules = (
			);
			dependencies = (
				8C33E3672D52C93800EDB6BB /* PBXTargetDependency */,
			);
			fileSystemSynchronizedGroups = (
				8C33E3682D52C93800EDB6BB /* AR HaberUITests */,
			);
			name = "AR HaberUITests";
			productName = "AR HaberUITests";
			productReference = 8C33E3652D52C93800EDB6BB /* AR HaberUITests.xctest */;
			productType = "com.apple.product-type.bundle.ui-testing";
		};
/* End PBXNativeTarget section */

/* Begin PBXProject section */
		8C33E33F2D52C93700EDB6BB /* Project object */ = {
			isa = PBXProject;
			attributes = {
				BuildIndependentTargetsInParallel = 1;
				LastSwiftUpdateCheck = 1620;
				LastUpgradeCheck = 1620;
				TargetAttributes = {
					8C33E3462D52C93700EDB6BB = {
						CreatedOnToolsVersion = 16.2;
					};
					8C33E35A2D52C93800EDB6BB = {
						CreatedOnToolsVersion = 16.2;
						TestTargetID = 8C33E3462D52C93700EDB6BB;
					};
					8C33E3642D52C93800EDB6BB = {
						CreatedOnToolsVersion = 16.2;
						TestTargetID = 8C33E3462D52C93700EDB6BB;
					};
				};
			};
			buildConfigurationList = 8C33E3422D52C93700EDB6BB /* Build configuration list for PBXProject "AR Haber" */;
			developmentRegion = en;
			hasScannedForEncodings = 0;
			knownRegions = (
				en,
				Base,
			);
			mainGroup = 8C33E33E2D52C93700EDB6BB;
			minimizedProjectReferenceProxies = 1;
			packageReferences = (
				8C33E3792D52CBE800EDB6BB /* XCRemoteSwiftPackageReference "swift-package-manager-google-mobile-ads" */,
			);
			preferredProjectObjectVersion = 77;
			productRefGroup = 8C33E3482D52C93700EDB6BB /* Products */;
			projectDirPath = "";
			projectRoot = "";
			targets = (
				8C33E3462D52C93700EDB6BB /* AR Haber */,
				8C33E35A2D52C93800EDB6BB /* AR HaberTests */,
				8C33E3642D52C93800EDB6BB /* AR HaberUITests */,
			);
		};
/* End PBXProject section */

/* Begin PBXResourcesBuildPhase section */
		8C33E3452D52C93700EDB6BB /* Resources */ = {
			isa = PBXResourcesBuildPhase;
			buildActionMask = 2147483647;
			files = (
			);
			runOnlyForDeploymentPostprocessing = 0;
		};
		8C33E3592D52C93800EDB6BB /* Resources */ = {
			isa = PBXResourcesBuildPhase;
			buildActionMask = 2147483647;
			files = (
			);
			runOnlyForDeploymentPostprocessing = 0;
		};
		8C33E3632D52C93800EDB6BB /* Resources */ = {
			isa = PBXResourcesBuildPhase;
			buildActionMask = 2147483647;
			files = (
			);
			runOnlyForDeploymentPostprocessing = 0;
		};
/* End PBXResourcesBuildPhase section */

/* Begin PBXSourcesBuildPhase section */
		8C33E3432D52C93700EDB6BB /* Sources */ = {
			isa = PBXSourcesBuildPhase;
			buildActionMask = 2147483647;
			files = (
			);
			runOnlyForDeploymentPostprocessing = 0;
		};
		8C33E3572D52C93800EDB6BB /* Sources */ = {
			isa = PBXSourcesBuildPhase;
			buildActionMask = 2147483647;
			files = (
			);
			runOnlyForDeploymentPostprocessing = 0;
		};
		8C33E3612D52C93800EDB6BB /* Sources */ = {
			isa = PBXSourcesBuildPhase;
			buildActionMask = 2147483647;
			files = (
			);
			runOnlyForDeploymentPostprocessing = 0;
		};
/* End PBXSourcesBuildPhase section */

/* Begin PBXTargetDependency section */
		8C33E35D2D52C93800EDB6BB /* PBXTargetDependency */ = {
			isa = PBXTargetDependency;
			target = 8C33E3462D52C93700EDB6BB /* AR Haber */;
			targetProxy = 8C33E35C2D52C93800EDB6BB /* PBXContainerItemProxy */;
		};
		8C33E3672D52C93800EDB6BB /* PBXTargetDependency */ = {
			isa = PBXTargetDependency;
			target = 8C33E3462D52C93700EDB6BB /* AR Haber */;
			targetProxy = 8C33E3662D52C93800EDB6BB /* PBXContainerItemProxy */;
		};
/* End PBXTargetDependency section */

/* Begin XCBuildConfiguration section */
		8C33E36F2D52C93800EDB6BB /* Debug */ = {
			isa = XCBuildConfiguration;
			buildSettings = {
				ASSETCATALOG_COMPILER_APPICON_NAME = AppIcon;
				ASSETCATALOG_COMPILER_GLOBAL_ACCENT_COLOR_NAME = AccentColor;
				CODE_SIGN_ENTITLEMENTS = "AR Haber/AR_Haber.entitlements";
				CODE_SIGN_STYLE = Automatic;
				CURRENT_PROJECT_VERSION = 8;
				DEVELOPMENT_ASSET_PATHS = "\"AR Haber/Preview Content\"";
				DEVELOPMENT_TEAM = 5XW7Z342Y8;
				ENABLE_PREVIEWS = YES;
				FRAMEWORK_SEARCH_PATHS = (
					"$(inherited)",
					"\"${PODS_CONFIGURATION_BUILD_DIR}/GoogleUtilities\"",
					"\"${PODS_CONFIGURATION_BUILD_DIR}/PromisesObjC\"",
					"\"${PODS_CONFIGURATION_BUILD_DIR}/nanopb\"",
					"\"${PODS_ROOT}/Google-Mobile-Ads-SDK/Frameworks/GoogleMobileAdsFramework\"",
					"\"${PODS_ROOT}/GoogleAppMeasurement/Frameworks\"",
					"\"${PODS_ROOT}/GoogleUserMessagingPlatform/Frameworks/Release\"",
					"\"${PODS_XCFRAMEWORKS_BUILD_DIR}/Google-Mobile-Ads-SDK\"",
					"\"${PODS_XCFRAMEWORKS_BUILD_DIR}/GoogleAppMeasurement/AdIdSupport\"",
					"\"${PODS_XCFRAMEWORKS_BUILD_DIR}/GoogleAppMeasurement/WithoutAdIdSupport\"",
					"\"${PODS_XCFRAMEWORKS_BUILD_DIR}/GoogleUserMessagingPlatform\"",
					"${PODS_ROOT}/Google-Mobile-Ads-SDK",
				);
				GENERATE_INFOPLIST_FILE = YES;
				INFOPLIST_FILE = "AR Haber/Info.plist";
				INFOPLIST_KEY_CFBundleDisplayName = "AR Haber";
				INFOPLIST_KEY_LSApplicationCategoryType = "public.app-category.news";
				INFOPLIST_KEY_UIApplicationSceneManifest_Generation = YES;
				INFOPLIST_KEY_UIApplicationSupportsIndirectInputEvents = YES;
				INFOPLIST_KEY_UILaunchScreen_Generation = YES;
				INFOPLIST_KEY_UISupportedInterfaceOrientations = "UIInterfaceOrientationPortrait UIInterfaceOrientationPortraitUpsideDown";
				INFOPLIST_KEY_UISupportedInterfaceOrientations_iPad = "UIInterfaceOrientationLandscapeLeft UIInterfaceOrientationLandscapeRight UIInterfaceOrientationPortrait UIInterfaceOrientationPortraitUpsideDown";
				IPHONEOS_DEPLOYMENT_TARGET = 17.6;
				LD_RUNPATH_SEARCH_PATHS = (
					"$(inherited)",
					"@executable_path/Frameworks",
				);
				MARKETING_VERSION = 1.8;
				PRODUCT_BUNDLE_IDENTIFIER = "AR-Software-Consultancy.AR-Haber";
				PRODUCT_NAME = "$(TARGET_NAME)";
				SWIFT_EMIT_LOC_STRINGS = YES;
				SWIFT_VERSION = 5.0;
				TARGETED_DEVICE_FAMILY = "1,2";
			};
			name = Debug;
		};
		8C33E3702D52C93800EDB6BB /* Release */ = {
			isa = XCBuildConfiguration;
			buildSettings = {
				ASSETCATALOG_COMPILER_APPICON_NAME = AppIcon;
				ASSETCATALOG_COMPILER_GLOBAL_ACCENT_COLOR_NAME = AccentColor;
				CODE_SIGN_ENTITLEMENTS = "AR Haber/AR_Haber.entitlements";
				CODE_SIGN_STYLE = Automatic;
				CURRENT_PROJECT_VERSION = 8;
				DEVELOPMENT_ASSET_PATHS = "\"AR Haber/Preview Content\"";
				DEVELOPMENT_TEAM = 5XW7Z342Y8;
				ENABLE_PREVIEWS = YES;
				FRAMEWORK_SEARCH_PATHS = (
					"$(inherited)",
					"\"${PODS_CONFIGURATION_BUILD_DIR}/GoogleUtilities\"",
					"\"${PODS_CONFIGURATION_BUILD_DIR}/PromisesObjC\"",
					"\"${PODS_CONFIGURATION_BUILD_DIR}/nanopb\"",
					"\"${PODS_ROOT}/Google-Mobile-Ads-SDK/Frameworks/GoogleMobileAdsFramework\"",
					"\"${PODS_ROOT}/GoogleAppMeasurement/Frameworks\"",
					"\"${PODS_ROOT}/GoogleUserMessagingPlatform/Frameworks/Release\"",
					"\"${PODS_XCFRAMEWORKS_BUILD_DIR}/Google-Mobile-Ads-SDK\"",
					"\"${PODS_XCFRAMEWORKS_BUILD_DIR}/GoogleAppMeasurement/AdIdSupport\"",
					"\"${PODS_XCFRAMEWORKS_BUILD_DIR}/GoogleAppMeasurement/WithoutAdIdSupport\"",
					"\"${PODS_XCFRAMEWORKS_BUILD_DIR}/GoogleUserMessagingPlatform\"",
					"${PODS_ROOT}/Google-Mobile-Ads-SDK",
				);
				GENERATE_INFOPLIST_FILE = YES;
				INFOPLIST_FILE = "AR Haber/Info.plist";
				INFOPLIST_KEY_CFBundleDisplayName = "AR Haber";
				INFOPLIST_KEY_LSApplicationCategoryType = "public.app-category.news";
				INFOPLIST_KEY_UIApplicationSceneManifest_Generation = YES;
				INFOPLIST_KEY_UIApplicationSupportsIndirectInputEvents = YES;
				INFOPLIST_KEY_UILaunchScreen_Generation = YES;
				INFOPLIST_KEY_UISupportedInterfaceOrientations = "UIInterfaceOrientationPortrait UIInterfaceOrientationPortraitUpsideDown";
				INFOPLIST_KEY_UISupportedInterfaceOrientations_iPad = "UIInterfaceOrientationLandscapeLeft UIInterfaceOrientationLandscapeRight UIInterfaceOrientationPortrait UIInterfaceOrientationPortraitUpsideDown";
				IPHONEOS_DEPLOYMENT_TARGET = 17.6;
				LD_RUNPATH_SEARCH_PATHS = (
					"$(inherited)",
					"@executable_path/Frameworks",
				);
				MARKETING_VERSION = 1.8;
				PRODUCT_BUNDLE_IDENTIFIER = "AR-Software-Consultancy.AR-Haber";
				PRODUCT_NAME = "$(TARGET_NAME)";
				SWIFT_EMIT_LOC_STRINGS = YES;
				SWIFT_VERSION = 5.0;
				TARGETED_DEVICE_FAMILY = "1,2";
			};
			name = Release;
		};
		8C33E3712D52C93800EDB6BB /* Debug */ = {
			isa = XCBuildConfiguration;
			buildSettings = {
				ALWAYS_SEARCH_USER_PATHS = NO;
				ASSETCATALOG_COMPILER_GENERATE_SWIFT_ASSET_SYMBOL_EXTENSIONS = YES;
				CLANG_ANALYZER_NONNULL = YES;
				CLANG_ANALYZER_NUMBER_OBJECT_CONVERSION = YES_AGGRESSIVE;
				CLANG_CXX_LANGUAGE_STANDARD = "gnu++20";
				CLANG_ENABLE_MODULES = YES;
				CLANG_ENABLE_OBJC_ARC = YES;
				CLANG_ENABLE_OBJC_WEAK = YES;
				CLANG_WARN_BLOCK_CAPTURE_AUTORELEASING = YES;
				CLANG_WARN_BOOL_CONVERSION = YES;
				CLANG_WARN_COMMA = YES;
				CLANG_WARN_CONSTANT_CONVERSION = YES;
				CLANG_WARN_DEPRECATED_OBJC_IMPLEMENTATIONS = YES;
				CLANG_WARN_DIRECT_OBJC_ISA_USAGE = YES_ERROR;
				CLANG_WARN_DOCUMENTATION_COMMENTS = YES;
				CLANG_WARN_EMPTY_BODY = YES;
				CLANG_WARN_ENUM_CONVERSION = YES;
				CLANG_WARN_INFINITE_RECURSION = YES;
				CLANG_WARN_INT_CONVERSION = YES;
				CLANG_WARN_NON_LITERAL_NULL_CONVERSION = YES;
				CLANG_WARN_OBJC_IMPLICIT_RETAIN_SELF = YES;
				CLANG_WARN_OBJC_LITERAL_CONVERSION = YES;
				CLANG_WARN_OBJC_ROOT_CLASS = YES_ERROR;
				CLANG_WARN_QUOTED_INCLUDE_IN_FRAMEWORK_HEADER = YES;
				CLANG_WARN_RANGE_LOOP_ANALYSIS = YES;
				CLANG_WARN_STRICT_PROTOTYPES = YES;
				CLANG_WARN_SUSPICIOUS_MOVE = YES;
				CLANG_WARN_UNGUARDED_AVAILABILITY = YES_AGGRESSIVE;
				CLANG_WARN_UNREACHABLE_CODE = YES;
				CLANG_WARN__DUPLICATE_METHOD_MATCH = YES;
				COPY_PHASE_STRIP = NO;
				DEBUG_INFORMATION_FORMAT = dwarf;
				ENABLE_STRICT_OBJC_MSGSEND = YES;
				ENABLE_TESTABILITY = YES;
				ENABLE_USER_SCRIPT_SANDBOXING = YES;
				GCC_C_LANGUAGE_STANDARD = gnu17;
				GCC_DYNAMIC_NO_PIC = NO;
				GCC_NO_COMMON_BLOCKS = YES;
				GCC_OPTIMIZATION_LEVEL = 0;
				GCC_PREPROCESSOR_DEFINITIONS = (
					"DEBUG=1",
					"$(inherited)",
				);
				GCC_WARN_64_TO_32_BIT_CONVERSION = YES;
				GCC_WARN_ABOUT_RETURN_TYPE = YES_ERROR;
				GCC_WARN_UNDECLARED_SELECTOR = YES;
				GCC_WARN_UNINITIALIZED_AUTOS = YES_AGGRESSIVE;
				GCC_WARN_UNUSED_FUNCTION = YES;
				GCC_WARN_UNUSED_VARIABLE = YES;
				IPHONEOS_DEPLOYMENT_TARGET = 18.2;
				LOCALIZATION_PREFERS_STRING_CATALOGS = YES;
				MTL_ENABLE_DEBUG_INFO = INCLUDE_SOURCE;
				MTL_FAST_MATH = YES;
				ONLY_ACTIVE_ARCH = YES;
				SDKROOT = iphoneos;
				SWIFT_ACTIVE_COMPILATION_CONDITIONS = "DEBUG $(inherited)";
				SWIFT_OPTIMIZATION_LEVEL = "-Onone";
			};
			name = Debug;
		};
		8C33E3722D52C93800EDB6BB /* Release */ = {
			isa = XCBuildConfiguration;
			buildSettings = {
				ALWAYS_SEARCH_USER_PATHS = NO;
				ASSETCATALOG_COMPILER_GENERATE_SWIFT_ASSET_SYMBOL_EXTENSIONS = YES;
				CLANG_ANALYZER_NONNULL = YES;
				CLANG_ANALYZER_NUMBER_OBJECT_CONVERSION = YES_AGGRESSIVE;
				CLANG_CXX_LANGUAGE_STANDARD = "gnu++20";
				CLANG_ENABLE_MODULES = YES;
				CLANG_ENABLE_OBJC_ARC = YES;
				CLANG_ENABLE_OBJC_WEAK = YES;
				CLANG_WARN_BLOCK_CAPTURE_AUTORELEASING = YES;
				CLANG_WARN_BOOL_CONVERSION = YES;
				CLANG_WARN_COMMA = YES;
				CLANG_WARN_CONSTANT_CONVERSION = YES;
				CLANG_WARN_DEPRECATED_OBJC_IMPLEMENTATIONS = YES;
				CLANG_WARN_DIRECT_OBJC_ISA_USAGE = YES_ERROR;
				CLANG_WARN_DOCUMENTATION_COMMENTS = YES;
				CLANG_WARN_EMPTY_BODY = YES;
				CLANG_WARN_ENUM_CONVERSION = YES;
				CLANG_WARN_INFINITE_RECURSION = YES;
				CLANG_WARN_INT_CONVERSION = YES;
				CLANG_WARN_NON_LITERAL_NULL_CONVERSION = YES;
				CLANG_WARN_OBJC_IMPLICIT_RETAIN_SELF = YES;
				CLANG_WARN_OBJC_LITERAL_CONVERSION = YES;
				CLANG_WARN_OBJC_ROOT_CLASS = YES_ERROR;
				CLANG_WARN_QUOTED_INCLUDE_IN_FRAMEWORK_HEADER = YES;
				CLANG_WARN_RANGE_LOOP_ANALYSIS = YES;
				CLANG_WARN_STRICT_PROTOTYPES = YES;
				CLANG_WARN_SUSPICIOUS_MOVE = YES;
				CLANG_WARN_UNGUARDED_AVAILABILITY = YES_AGGRESSIVE;
				CLANG_WARN_UNREACHABLE_CODE = YES;
				CLANG_WARN__DUPLICATE_METHOD_MATCH = YES;
				COPY_PHASE_STRIP = NO;
				DEBUG_INFORMATION_FORMAT = "dwarf-with-dsym";
				ENABLE_NS_ASSERTIONS = NO;
				ENABLE_STRICT_OBJC_MSGSEND = YES;
				ENABLE_USER_SCRIPT_SANDBOXING = YES;
				GCC_C_LANGUAGE_STANDARD = gnu17;
				GCC_NO_COMMON_BLOCKS = YES;
				GCC_WARN_64_TO_32_BIT_CONVERSION = YES;
				GCC_WARN_ABOUT_RETURN_TYPE = YES_ERROR;
				GCC_WARN_UNDECLARED_SELECTOR = YES;
				GCC_WARN_UNINITIALIZED_AUTOS = YES_AGGRESSIVE;
				GCC_WARN_UNUSED_FUNCTION = YES;
				GCC_WARN_UNUSED_VARIABLE = YES;
				IPHONEOS_DEPLOYMENT_TARGET = 18.2;
				LOCALIZATION_PREFERS_STRING_CATALOGS = YES;
				MTL_ENABLE_DEBUG_INFO = NO;
				MTL_FAST_MATH = YES;
				SDKROOT = iphoneos;
				SWIFT_COMPILATION_MODE = wholemodule;
				VALIDATE_PRODUCT = YES;
			};
			name = Release;
		};
		8C33E3742D52C93800EDB6BB /* Debug */ = {
			isa = XCBuildConfiguration;
			buildSettings = {
				BUNDLE_LOADER = "$(TEST_HOST)";
				CODE_SIGN_STYLE = Automatic;
				CURRENT_PROJECT_VERSION = 1;
				DEVELOPMENT_TEAM = 5XW7Z342Y8;
				GENERATE_INFOPLIST_FILE = YES;
				IPHONEOS_DEPLOYMENT_TARGET = 18.2;
				MARKETING_VERSION = 1.0;
				PRODUCT_BUNDLE_IDENTIFIER = "AR-Software-Consultancy.AR-HaberTests";
				PRODUCT_NAME = "$(TARGET_NAME)";
				SWIFT_EMIT_LOC_STRINGS = NO;
				SWIFT_VERSION = 5.0;
				TARGETED_DEVICE_FAMILY = "1,2";
				TEST_HOST = "$(BUILT_PRODUCTS_DIR)/AR Haber.app/$(BUNDLE_EXECUTABLE_FOLDER_PATH)/AR Haber";
			};
			name = Debug;
		};
		8C33E3752D52C93800EDB6BB /* Release */ = {
			isa = XCBuildConfiguration;
			buildSettings = {
				BUNDLE_LOADER = "$(TEST_HOST)";
				CODE_SIGN_STYLE = Automatic;
				CURRENT_PROJECT_VERSION = 1;
				DEVELOPMENT_TEAM = 5XW7Z342Y8;
				GENERATE_INFOPLIST_FILE = YES;
				IPHONEOS_DEPLOYMENT_TARGET = 18.2;
				MARKETING_VERSION = 1.0;
				PRODUCT_BUNDLE_IDENTIFIER = "AR-Software-Consultancy.AR-HaberTests";
				PRODUCT_NAME = "$(TARGET_NAME)";
				SWIFT_EMIT_LOC_STRINGS = NO;
				SWIFT_VERSION = 5.0;
				TARGETED_DEVICE_FAMILY = "1,2";
				TEST_HOST = "$(BUILT_PRODUCTS_DIR)/AR Haber.app/$(BUNDLE_EXECUTABLE_FOLDER_PATH)/AR Haber";
			};
			name = Release;
		};
		8C33E3772D52C93800EDB6BB /* Debug */ = {
			isa = XCBuildConfiguration;
			buildSettings = {
				CODE_SIGN_STYLE = Automatic;
				CURRENT_PROJECT_VERSION = 1;
				DEVELOPMENT_TEAM = 5XW7Z342Y8;
				GENERATE_INFOPLIST_FILE = YES;
				MARKETING_VERSION = 1.0;
				PRODUCT_BUNDLE_IDENTIFIER = "AR-Software-Consultancy.AR-HaberUITests";
				PRODUCT_NAME = "$(TARGET_NAME)";
				SWIFT_EMIT_LOC_STRINGS = NO;
				SWIFT_VERSION = 5.0;
				TARGETED_DEVICE_FAMILY = "1,2";
				TEST_TARGET_NAME = "AR Haber";
			};
			name = Debug;
		};
		8C33E3782D52C93800EDB6BB /* Release */ = {
			isa = XCBuildConfiguration;
			buildSettings = {
				CODE_SIGN_STYLE = Automatic;
				CURRENT_PROJECT_VERSION = 1;
				DEVELOPMENT_TEAM = 5XW7Z342Y8;
				GENERATE_INFOPLIST_FILE = YES;
				MARKETING_VERSION = 1.0;
				PRODUCT_BUNDLE_IDENTIFIER = "AR-Software-Consultancy.AR-HaberUITests";
				PRODUCT_NAME = "$(TARGET_NAME)";
				SWIFT_EMIT_LOC_STRINGS = NO;
				SWIFT_VERSION = 5.0;
				TARGETED_DEVICE_FAMILY = "1,2";
				TEST_TARGET_NAME = "AR Haber";
			};
			name = Release;
		};
/* End XCBuildConfiguration section */

/* Begin XCConfigurationList section */
		8C33E3422D52C93700EDB6BB /* Build configuration list for PBXProject "AR Haber" */ = {
			isa = XCConfigurationList;
			buildConfigurations = (
				8C33E3712D52C93800EDB6BB /* Debug */,
				8C33E3722D52C93800EDB6BB /* Release */,
			);
			defaultConfigurationIsVisible = 0;
			defaultConfigurationName = Release;
		};
		8C33E36E2D52C93800EDB6BB /* Build configuration list for PBXNativeTarget "AR Haber" */ = {
			isa = XCConfigurationList;
			buildConfigurations = (
				8C33E36F2D52C93800EDB6BB /* Debug */,
				8C33E3702D52C93800EDB6BB /* Release */,
			);
			defaultConfigurationIsVisible = 0;
			defaultConfigurationName = Release;
		};
		8C33E3732D52C93800EDB6BB /* Build configuration list for PBXNativeTarget "AR HaberTests" */ = {
			isa = XCConfigurationList;
			buildConfigurations = (
				8C33E3742D52C93800EDB6BB /* Debug */,
				8C33E3752D52C93800EDB6BB /* Release */,
			);
			defaultConfigurationIsVisible = 0;
			defaultConfigurationName = Release;
		};
		8C33E3762D52C93800EDB6BB /* Build configuration list for PBXNativeTarget "AR HaberUITests" */ = {
			isa = XCConfigurationList;
			buildConfigurations = (
				8C33E3772D52C93800EDB6BB /* Debug */,
				8C33E3782D52C93800EDB6BB /* Release */,
			);
			defaultConfigurationIsVisible = 0;
			defaultConfigurationName = Release;
		};
/* End XCConfigurationList section */

/* Begin XCRemoteSwiftPackageReference section */
		8C33E3792D52CBE800EDB6BB /* XCRemoteSwiftPackageReference "swift-package-manager-google-mobile-ads" */ = {
			isa = XCRemoteSwiftPackageReference;
			repositoryURL = "https://github.com/googleads/swift-package-manager-google-mobile-ads.git";
			requirement = {
				kind = upToNextMajorVersion;
				minimumVersion = 12.0.0;
			};
		};
/* End XCRemoteSwiftPackageReference section */

/* Begin XCSwiftPackageProductDependency section */
		8C33E37A2D52CBE800EDB6BB /* GoogleMobileAds */ = {
			isa = XCSwiftPackageProductDependency;
			package = 8C33E3792D52CBE800EDB6BB /* XCRemoteSwiftPackageReference "swift-package-manager-google-mobile-ads" */;
			productName = GoogleMobileAds;
		};
/* End XCSwiftPackageProductDependency section */
	};
	rootObject = 8C33E33F2D52C93700EDB6BB /* Project object */;
}
